// !$*UTF8*$!
{
	archiveVersion = 1;
	classes = {
	};
	objectVersion = 50;
	objects = {

/* Begin PBXBuildFile section */
		84AF185E2233BF3A0026DEB3 /* ChoosableDef.m in Sources */ = {isa = PBXBuildFile; fileRef = 84AF185D2233BF3A0026DEB3 /* ChoosableDef.m */; };
		84AF18612233ECAF0026DEB3 /* Cards.m in Sources */ = {isa = PBXBuildFile; fileRef = 84AF18602233ECAF0026DEB3 /* Cards.m */; };
		84B966DE222563A9002C3A08 /* AppDelegate.m in Sources */ = {isa = PBXBuildFile; fileRef = 84B966DD222563A9002C3A08 /* AppDelegate.m */; };
		84B966E4222563A9002C3A08 /* Main.storyboard in Resources */ = {isa = PBXBuildFile; fileRef = 84B966E2222563A9002C3A08 /* Main.storyboard */; };
		84B966E9222563AB002C3A08 /* Assets.xcassets in Resources */ = {isa = PBXBuildFile; fileRef = 84B966E8222563AB002C3A08 /* Assets.xcassets */; };
		84B966EC222563AB002C3A08 /* LaunchScreen.storyboard in Resources */ = {isa = PBXBuildFile; fileRef = 84B966EA222563AB002C3A08 /* LaunchScreen.storyboard */; };
		84B966EF222563AB002C3A08 /* main.m in Sources */ = {isa = PBXBuildFile; fileRef = 84B966EE222563AB002C3A08 /* main.m */; };
		84F07608222C134200E8008C /* MeaningViewController.m in Sources */ = {isa = PBXBuildFile; fileRef = 84F07607222C134200E8008C /* MeaningViewController.m */; };
		84F0760B222F178700E8008C /* ChoosableLabel.m in Sources */ = {isa = PBXBuildFile; fileRef = 84F0760A222F178700E8008C /* ChoosableLabel.m */; };
		A60219CF22C113B10082ACE3 /* libxml2.tbd in Frameworks */ = {isa = PBXBuildFile; fileRef = A60219CE22C113B10082ACE3 /* libxml2.tbd */; };
		A6179699232522620006AD18 /* RecallLog+CoreDataClass.m in Sources */ = {isa = PBXBuildFile; fileRef = A6179697232522620006AD18 /* RecallLog+CoreDataClass.m */; };
		A617969A232522620006AD18 /* RecallLog+CoreDataProperties.m in Sources */ = {isa = PBXBuildFile; fileRef = A6179698232522620006AD18 /* RecallLog+CoreDataProperties.m */; };
		A617969F232523330006AD18 /* TermToLearn+CoreDataClass.m in Sources */ = {isa = PBXBuildFile; fileRef = A617969D232523330006AD18 /* TermToLearn+CoreDataClass.m */; };
		A61796A0232523330006AD18 /* TermToLearn+CoreDataProperties.m in Sources */ = {isa = PBXBuildFile; fileRef = A617969E232523330006AD18 /* TermToLearn+CoreDataProperties.m */; };
		A641C183230DA8D3002A5974 /* HomeViewController.m in Sources */ = {isa = PBXBuildFile; fileRef = A641C182230DA8D3002A5974 /* HomeViewController.m */; };
		A681D91623224C0E000D1010 /* TermMeaningModel.m in Sources */ = {isa = PBXBuildFile; fileRef = A681D91523224C0E000D1010 /* TermMeaningModel.m */; };
		A681D9212323D9B0000D1010 /* nutcracker.xcdatamodeld in Sources */ = {isa = PBXBuildFile; fileRef = A681D91F2323D9B0000D1010 /* nutcracker.xcdatamodeld */; };
		A6F524472310490C0041D747 /* IconUtils.m in Sources */ = {isa = PBXBuildFile; fileRef = A6F524462310490C0041D747 /* IconUtils.m */; };
		A6F5244A231129B90041D747 /* UpcomingViewController.m in Sources */ = {isa = PBXBuildFile; fileRef = A6F52449231129B90041D747 /* UpcomingViewController.m */; };
		A6F5244D2311362E0041D747 /* CardView.m in Sources */ = {isa = PBXBuildFile; fileRef = A6F5244C2311362E0041D747 /* CardView.m */; };
/* End PBXBuildFile section */

/* Begin PBXFileReference section */
		84AF185C2233BF3A0026DEB3 /* ChoosableDef.h */ = {isa = PBXFileReference; lastKnownFileType = sourcecode.c.h; path = ChoosableDef.h; sourceTree = "<group>"; };
		84AF185D2233BF3A0026DEB3 /* ChoosableDef.m */ = {isa = PBXFileReference; lastKnownFileType = sourcecode.c.objc; path = ChoosableDef.m; sourceTree = "<group>"; };
		84AF185F2233ECAF0026DEB3 /* Cards.h */ = {isa = PBXFileReference; lastKnownFileType = sourcecode.c.h; path = Cards.h; sourceTree = "<group>"; };
		84AF18602233ECAF0026DEB3 /* Cards.m */ = {isa = PBXFileReference; lastKnownFileType = sourcecode.c.objc; path = Cards.m; sourceTree = "<group>"; };
		84B966D9222563A9002C3A08 /* nutcracker.app */ = {isa = PBXFileReference; explicitFileType = wrapper.application; includeInIndex = 0; path = nutcracker.app; sourceTree = BUILT_PRODUCTS_DIR; };
		84B966DC222563A9002C3A08 /* AppDelegate.h */ = {isa = PBXFileReference; lastKnownFileType = sourcecode.c.h; path = AppDelegate.h; sourceTree = "<group>"; };
		84B966DD222563A9002C3A08 /* AppDelegate.m */ = {isa = PBXFileReference; lastKnownFileType = sourcecode.c.objc; path = AppDelegate.m; sourceTree = "<group>"; };
		84B966E3222563A9002C3A08 /* Base */ = {isa = PBXFileReference; lastKnownFileType = file.storyboard; name = Base; path = Base.lproj/Main.storyboard; sourceTree = "<group>"; };
		84B966E8222563AB002C3A08 /* Assets.xcassets */ = {isa = PBXFileReference; lastKnownFileType = folder.assetcatalog; path = Assets.xcassets; sourceTree = "<group>"; };
		84B966EB222563AB002C3A08 /* Base */ = {isa = PBXFileReference; lastKnownFileType = file.storyboard; name = Base; path = Base.lproj/LaunchScreen.storyboard; sourceTree = "<group>"; };
		84B966ED222563AB002C3A08 /* Info.plist */ = {isa = PBXFileReference; lastKnownFileType = text.plist.xml; path = Info.plist; sourceTree = "<group>"; };
		84B966EE222563AB002C3A08 /* main.m */ = {isa = PBXFileReference; lastKnownFileType = sourcecode.c.objc; path = main.m; sourceTree = "<group>"; };
		84F07606222C134200E8008C /* MeaningViewController.h */ = {isa = PBXFileReference; lastKnownFileType = sourcecode.c.h; path = MeaningViewController.h; sourceTree = "<group>"; };
		84F07607222C134200E8008C /* MeaningViewController.m */ = {isa = PBXFileReference; lastKnownFileType = sourcecode.c.objc; path = MeaningViewController.m; sourceTree = "<group>"; };
		84F07609222F178700E8008C /* ChoosableLabel.h */ = {isa = PBXFileReference; lastKnownFileType = sourcecode.c.h; path = ChoosableLabel.h; sourceTree = "<group>"; };
		84F0760A222F178700E8008C /* ChoosableLabel.m */ = {isa = PBXFileReference; lastKnownFileType = sourcecode.c.objc; path = ChoosableLabel.m; sourceTree = "<group>"; };
		A60219CE22C113B10082ACE3 /* libxml2.tbd */ = {isa = PBXFileReference; lastKnownFileType = "sourcecode.text-based-dylib-definition"; name = libxml2.tbd; path = usr/lib/libxml2.tbd; sourceTree = SDKROOT; };
		A6179695232522620006AD18 /* RecallLog+CoreDataProperties.h */ = {isa = PBXFileReference; lastKnownFileType = sourcecode.c.h; path = "RecallLog+CoreDataProperties.h"; sourceTree = "<group>"; };
		A6179696232522620006AD18 /* RecallLog+CoreDataClass.h */ = {isa = PBXFileReference; lastKnownFileType = sourcecode.c.h; path = "RecallLog+CoreDataClass.h"; sourceTree = "<group>"; };
		A6179697232522620006AD18 /* RecallLog+CoreDataClass.m */ = {isa = PBXFileReference; lastKnownFileType = sourcecode.c.objc; path = "RecallLog+CoreDataClass.m"; sourceTree = "<group>"; };
		A6179698232522620006AD18 /* RecallLog+CoreDataProperties.m */ = {isa = PBXFileReference; lastKnownFileType = sourcecode.c.objc; path = "RecallLog+CoreDataProperties.m"; sourceTree = "<group>"; };
		A617969B232523330006AD18 /* TermToLearn+CoreDataProperties.h */ = {isa = PBXFileReference; lastKnownFileType = sourcecode.c.h; path = "TermToLearn+CoreDataProperties.h"; sourceTree = "<group>"; };
		A617969C232523330006AD18 /* TermToLearn+CoreDataClass.h */ = {isa = PBXFileReference; lastKnownFileType = sourcecode.c.h; path = "TermToLearn+CoreDataClass.h"; sourceTree = "<group>"; };
		A617969D232523330006AD18 /* TermToLearn+CoreDataClass.m */ = {isa = PBXFileReference; lastKnownFileType = sourcecode.c.objc; path = "TermToLearn+CoreDataClass.m"; sourceTree = "<group>"; };
		A617969E232523330006AD18 /* TermToLearn+CoreDataProperties.m */ = {isa = PBXFileReference; lastKnownFileType = sourcecode.c.objc; path = "TermToLearn+CoreDataProperties.m"; sourceTree = "<group>"; };
		A641C181230DA8D3002A5974 /* HomeViewController.h */ = {isa = PBXFileReference; lastKnownFileType = sourcecode.c.h; path = HomeViewController.h; sourceTree = "<group>"; };
		A641C182230DA8D3002A5974 /* HomeViewController.m */ = {isa = PBXFileReference; lastKnownFileType = sourcecode.c.objc; path = HomeViewController.m; sourceTree = "<group>"; };
		A681D91423224C0E000D1010 /* TermMeaningModel.h */ = {isa = PBXFileReference; lastKnownFileType = sourcecode.c.h; path = TermMeaningModel.h; sourceTree = "<group>"; };
		A681D91523224C0E000D1010 /* TermMeaningModel.m */ = {isa = PBXFileReference; lastKnownFileType = sourcecode.c.objc; path = TermMeaningModel.m; sourceTree = "<group>"; };
		A681D9202323D9B0000D1010 /* nutcracker.xcdatamodel */ = {isa = PBXFileReference; lastKnownFileType = wrapper.xcdatamodel; path = nutcracker.xcdatamodel; sourceTree = "<group>"; };
		A6F524452310490C0041D747 /* IconUtils.h */ = {isa = PBXFileReference; lastKnownFileType = sourcecode.c.h; path = IconUtils.h; sourceTree = "<group>"; };
		A6F524462310490C0041D747 /* IconUtils.m */ = {isa = PBXFileReference; lastKnownFileType = sourcecode.c.objc; path = IconUtils.m; sourceTree = "<group>"; };
		A6F52448231129B80041D747 /* UpcomingViewController.h */ = {isa = PBXFileReference; lastKnownFileType = sourcecode.c.h; path = UpcomingViewController.h; sourceTree = "<group>"; };
		A6F52449231129B90041D747 /* UpcomingViewController.m */ = {isa = PBXFileReference; lastKnownFileType = sourcecode.c.objc; path = UpcomingViewController.m; sourceTree = "<group>"; };
		A6F5244B2311362E0041D747 /* CardView.h */ = {isa = PBXFileReference; lastKnownFileType = sourcecode.c.h; path = CardView.h; sourceTree = "<group>"; };
		A6F5244C2311362E0041D747 /* CardView.m */ = {isa = PBXFileReference; lastKnownFileType = sourcecode.c.objc; path = CardView.m; sourceTree = "<group>"; };
/* End PBXFileReference section */

/* Begin PBXFrameworksBuildPhase section */
		84B966D6222563A9002C3A08 /* Frameworks */ = {
			isa = PBXFrameworksBuildPhase;
			buildActionMask = 2147483647;
			files = (
				A60219CF22C113B10082ACE3 /* libxml2.tbd in Frameworks */,
			);
			runOnlyForDeploymentPostprocessing = 0;
		};
/* End PBXFrameworksBuildPhase section */

/* Begin PBXGroup section */
		84B966D0222563A9002C3A08 = {
			isa = PBXGroup;
			children = (
				84B966DB222563A9002C3A08 /* nutcracker */,
				84B966DA222563A9002C3A08 /* Products */,
				A60219CD22C113B00082ACE3 /* Frameworks */,
			);
			sourceTree = "<group>";
		};
		84B966DA222563A9002C3A08 /* Products */ = {
			isa = PBXGroup;
			children = (
				84B966D9222563A9002C3A08 /* nutcracker.app */,
			);
			name = Products;
			sourceTree = "<group>";
		};
		84B966DB222563A9002C3A08 /* nutcracker */ = {
			isa = PBXGroup;
			children = (
				84B966DC222563A9002C3A08 /* AppDelegate.h */,
				84B966DD222563A9002C3A08 /* AppDelegate.m */,
				84B966E2222563A9002C3A08 /* Main.storyboard */,
				84B966E8222563AB002C3A08 /* Assets.xcassets */,
				84B966EA222563AB002C3A08 /* LaunchScreen.storyboard */,
				84B966ED222563AB002C3A08 /* Info.plist */,
				84B966EE222563AB002C3A08 /* main.m */,
				84F07606222C134200E8008C /* MeaningViewController.h */,
				84F07607222C134200E8008C /* MeaningViewController.m */,
				84F07609222F178700E8008C /* ChoosableLabel.h */,
				84F0760A222F178700E8008C /* ChoosableLabel.m */,
				84AF185C2233BF3A0026DEB3 /* ChoosableDef.h */,
				84AF185D2233BF3A0026DEB3 /* ChoosableDef.m */,
				84AF185F2233ECAF0026DEB3 /* Cards.h */,
				84AF18602233ECAF0026DEB3 /* Cards.m */,
				A641C181230DA8D3002A5974 /* HomeViewController.h */,
				A641C182230DA8D3002A5974 /* HomeViewController.m */,
				A6F524452310490C0041D747 /* IconUtils.h */,
				A6F524462310490C0041D747 /* IconUtils.m */,
				A6F52448231129B80041D747 /* UpcomingViewController.h */,
				A6F52449231129B90041D747 /* UpcomingViewController.m */,
				A6F5244B2311362E0041D747 /* CardView.h */,
				A6F5244C2311362E0041D747 /* CardView.m */,
				A681D91423224C0E000D1010 /* TermMeaningModel.h */,
				A681D91523224C0E000D1010 /* TermMeaningModel.m */,
				A681D91F2323D9B0000D1010 /* nutcracker.xcdatamodeld */,
				A617969B232523330006AD18 /* TermToLearn+CoreDataProperties.h */,
				A617969C232523330006AD18 /* TermToLearn+CoreDataClass.h */,
				A617969D232523330006AD18 /* TermToLearn+CoreDataClass.m */,
				A617969E232523330006AD18 /* TermToLearn+CoreDataProperties.m */,
				A6179695232522620006AD18 /* RecallLog+CoreDataProperties.h */,
				A6179696232522620006AD18 /* RecallLog+CoreDataClass.h */,
				A6179697232522620006AD18 /* RecallLog+CoreDataClass.m */,
				A6179698232522620006AD18 /* RecallLog+CoreDataProperties.m */,
			);
			path = nutcracker;
			sourceTree = "<group>";
		};
		A60219CD22C113B00082ACE3 /* Frameworks */ = {
			isa = PBXGroup;
			children = (
				A60219CE22C113B10082ACE3 /* libxml2.tbd */,
			);
			name = Frameworks;
			sourceTree = "<group>";
		};
/* End PBXGroup section */

/* Begin PBXNativeTarget section */
		84B966D8222563A9002C3A08 /* nutcracker */ = {
			isa = PBXNativeTarget;
			buildConfigurationList = 84B966F2222563AB002C3A08 /* Build configuration list for PBXNativeTarget "nutcracker" */;
			buildPhases = (
				84B966D5222563A9002C3A08 /* Sources */,
				84B966D6222563A9002C3A08 /* Frameworks */,
				84B966D7222563A9002C3A08 /* Resources */,
			);
			buildRules = (
			);
			dependencies = (
			);
			name = nutcracker;
			productName = rememberify;
			productReference = 84B966D9222563A9002C3A08 /* nutcracker.app */;
			productType = "com.apple.product-type.application";
		};
/* End PBXNativeTarget section */

/* Begin PBXProject section */
		84B966D1222563A9002C3A08 /* Project object */ = {
			isa = PBXProject;
			attributes = {
				LastUpgradeCheck = 1010;
				ORGANIZATIONNAME = savelichalex;
				TargetAttributes = {
					84B966D8222563A9002C3A08 = {
						CreatedOnToolsVersion = 10.1;
					};
				};
			};
			buildConfigurationList = 84B966D4222563A9002C3A08 /* Build configuration list for PBXProject "nutcracker" */;
			compatibilityVersion = "Xcode 9.3";
			developmentRegion = en;
			hasScannedForEncodings = 0;
			knownRegions = (
				en,
				Base,
			);
			mainGroup = 84B966D0222563A9002C3A08;
			productRefGroup = 84B966DA222563A9002C3A08 /* Products */;
			projectDirPath = "";
			projectRoot = "";
			targets = (
				84B966D8222563A9002C3A08 /* nutcracker */,
			);
		};
/* End PBXProject section */

/* Begin PBXResourcesBuildPhase section */
		84B966D7222563A9002C3A08 /* Resources */ = {
			isa = PBXResourcesBuildPhase;
			buildActionMask = 2147483647;
			files = (
				84B966EC222563AB002C3A08 /* LaunchScreen.storyboard in Resources */,
				84B966E9222563AB002C3A08 /* Assets.xcassets in Resources */,
				84B966E4222563A9002C3A08 /* Main.storyboard in Resources */,
			);
			runOnlyForDeploymentPostprocessing = 0;
		};
/* End PBXResourcesBuildPhase section */

/* Begin PBXSourcesBuildPhase section */
		84B966D5222563A9002C3A08 /* Sources */ = {
			isa = PBXSourcesBuildPhase;
			buildActionMask = 2147483647;
			files = (
				A681D91623224C0E000D1010 /* TermMeaningModel.m in Sources */,
				A681D9212323D9B0000D1010 /* nutcracker.xcdatamodeld in Sources */,
				A6179699232522620006AD18 /* RecallLog+CoreDataClass.m in Sources */,
				A6F524472310490C0041D747 /* IconUtils.m in Sources */,
				84AF18612233ECAF0026DEB3 /* Cards.m in Sources */,
				84AF185E2233BF3A0026DEB3 /* ChoosableDef.m in Sources */,
				A61796A0232523330006AD18 /* TermToLearn+CoreDataProperties.m in Sources */,
				A6F5244A231129B90041D747 /* UpcomingViewController.m in Sources */,
				84F07608222C134200E8008C /* MeaningViewController.m in Sources */,
				84B966DE222563A9002C3A08 /* AppDelegate.m in Sources */,
				A617969A232522620006AD18 /* RecallLog+CoreDataProperties.m in Sources */,
				A617969F232523330006AD18 /* TermToLearn+CoreDataClass.m in Sources */,
				A6F5244D2311362E0041D747 /* CardView.m in Sources */,
				84F0760B222F178700E8008C /* ChoosableLabel.m in Sources */,
				84B966EF222563AB002C3A08 /* main.m in Sources */,
				A641C183230DA8D3002A5974 /* HomeViewController.m in Sources */,
			);
			runOnlyForDeploymentPostprocessing = 0;
		};
/* End PBXSourcesBuildPhase section */

/* Begin PBXVariantGroup section */
		84B966E2222563A9002C3A08 /* Main.storyboard */ = {
			isa = PBXVariantGroup;
			children = (
				84B966E3222563A9002C3A08 /* Base */,
			);
			name = Main.storyboard;
			sourceTree = "<group>";
		};
		84B966EA222563AB002C3A08 /* LaunchScreen.storyboard */ = {
			isa = PBXVariantGroup;
			children = (
				84B966EB222563AB002C3A08 /* Base */,
			);
			name = LaunchScreen.storyboard;
			sourceTree = "<group>";
		};
/* End PBXVariantGroup section */

/* Begin XCBuildConfiguration section */
		84B966F0222563AB002C3A08 /* Debug */ = {
			isa = XCBuildConfiguration;
			buildSettings = {
				ALWAYS_SEARCH_USER_PATHS = NO;
				CLANG_ANALYZER_NONNULL = YES;
				CLANG_ANALYZER_NUMBER_OBJECT_CONVERSION = YES_AGGRESSIVE;
				CLANG_CXX_LANGUAGE_STANDARD = "gnu++14";
				CLANG_CXX_LIBRARY = "libc++";
				CLANG_ENABLE_MODULES = YES;
				CLANG_ENABLE_OBJC_ARC = YES;
				CLANG_ENABLE_OBJC_WEAK = YES;
				CLANG_WARN_BLOCK_CAPTURE_AUTORELEASING = YES;
				CLANG_WARN_BOOL_CONVERSION = YES;
				CLANG_WARN_COMMA = YES;
				CLANG_WARN_CONSTANT_CONVERSION = YES;
				CLANG_WARN_DEPRECATED_OBJC_IMPLEMENTATIONS = YES;
				CLANG_WARN_DIRECT_OBJC_ISA_USAGE = YES_ERROR;
				CLANG_WARN_DOCUMENTATION_COMMENTS = YES;
				CLANG_WARN_EMPTY_BODY = YES;
				CLANG_WARN_ENUM_CONVERSION = YES;
				CLANG_WARN_INFINITE_RECURSION = YES;
				CLANG_WARN_INT_CONVERSION = YES;
				CLANG_WARN_NON_LITERAL_NULL_CONVERSION = YES;
				CLANG_WARN_OBJC_IMPLICIT_RETAIN_SELF = YES;
				CLANG_WARN_OBJC_LITERAL_CONVERSION = YES;
				CLANG_WARN_OBJC_ROOT_CLASS = YES_ERROR;
				CLANG_WARN_RANGE_LOOP_ANALYSIS = YES;
				CLANG_WARN_STRICT_PROTOTYPES = YES;
				CLANG_WARN_SUSPICIOUS_MOVE = YES;
				CLANG_WARN_UNGUARDED_AVAILABILITY = YES_AGGRESSIVE;
				CLANG_WARN_UNREACHABLE_CODE = YES;
				CLANG_WARN__DUPLICATE_METHOD_MATCH = YES;
				CODE_SIGN_IDENTITY = "iPhone Developer";
				COPY_PHASE_STRIP = NO;
				DEBUG_INFORMATION_FORMAT = dwarf;
				ENABLE_STRICT_OBJC_MSGSEND = YES;
				ENABLE_TESTABILITY = YES;
				GCC_C_LANGUAGE_STANDARD = gnu11;
				GCC_DYNAMIC_NO_PIC = NO;
				GCC_NO_COMMON_BLOCKS = YES;
				GCC_OPTIMIZATION_LEVEL = 0;
				GCC_PREPROCESSOR_DEFINITIONS = (
					"DEBUG=1",
					"$(inherited)",
				);
				GCC_WARN_64_TO_32_BIT_CONVERSION = YES;
				GCC_WARN_ABOUT_RETURN_TYPE = YES_ERROR;
				GCC_WARN_UNDECLARED_SELECTOR = YES;
				GCC_WARN_UNINITIALIZED_AUTOS = YES_AGGRESSIVE;
				GCC_WARN_UNUSED_FUNCTION = YES;
				GCC_WARN_UNUSED_VARIABLE = YES;
				IPHONEOS_DEPLOYMENT_TARGET = 12.1;
				MTL_ENABLE_DEBUG_INFO = INCLUDE_SOURCE;
				MTL_FAST_MATH = YES;
				ONLY_ACTIVE_ARCH = YES;
				SDKROOT = iphoneos;
			};
			name = Debug;
		};
		84B966F1222563AB002C3A08 /* Release */ = {
			isa = XCBuildConfiguration;
			buildSettings = {
				ALWAYS_SEARCH_USER_PATHS = NO;
				CLANG_ANALYZER_NONNULL = YES;
				CLANG_ANALYZER_NUMBER_OBJECT_CONVERSION = YES_AGGRESSIVE;
				CLANG_CXX_LANGUAGE_STANDARD = "gnu++14";
				CLANG_CXX_LIBRARY = "libc++";
				CLANG_ENABLE_MODULES = YES;
				CLANG_ENABLE_OBJC_ARC = YES;
				CLANG_ENABLE_OBJC_WEAK = YES;
				CLANG_WARN_BLOCK_CAPTURE_AUTORELEASING = YES;
				CLANG_WARN_BOOL_CONVERSION = YES;
				CLANG_WARN_COMMA = YES;
				CLANG_WARN_CONSTANT_CONVERSION = YES;
				CLANG_WARN_DEPRECATED_OBJC_IMPLEMENTATIONS = YES;
				CLANG_WARN_DIRECT_OBJC_ISA_USAGE = YES_ERROR;
				CLANG_WARN_DOCUMENTATION_COMMENTS = YES;
				CLANG_WARN_EMPTY_BODY = YES;
				CLANG_WARN_ENUM_CONVERSION = YES;
				CLANG_WARN_INFINITE_RECURSION = YES;
				CLANG_WARN_INT_CONVERSION = YES;
				CLANG_WARN_NON_LITERAL_NULL_CONVERSION = YES;
				CLANG_WARN_OBJC_IMPLICIT_RETAIN_SELF = YES;
				CLANG_WARN_OBJC_LITERAL_CONVERSION = YES;
				CLANG_WARN_OBJC_ROOT_CLASS = YES_ERROR;
				CLANG_WARN_RANGE_LOOP_ANALYSIS = YES;
				CLANG_WARN_STRICT_PROTOTYPES = YES;
				CLANG_WARN_SUSPICIOUS_MOVE = YES;
				CLANG_WARN_UNGUARDED_AVAILABILITY = YES_AGGRESSIVE;
				CLANG_WARN_UNREACHABLE_CODE = YES;
				CLANG_WARN__DUPLICATE_METHOD_MATCH = YES;
				CODE_SIGN_IDENTITY = "iPhone Developer";
				COPY_PHASE_STRIP = NO;
				DEBUG_INFORMATION_FORMAT = "dwarf-with-dsym";
				ENABLE_NS_ASSERTIONS = NO;
				ENABLE_STRICT_OBJC_MSGSEND = YES;
				GCC_C_LANGUAGE_STANDARD = gnu11;
				GCC_NO_COMMON_BLOCKS = YES;
				GCC_WARN_64_TO_32_BIT_CONVERSION = YES;
				GCC_WARN_ABOUT_RETURN_TYPE = YES_ERROR;
				GCC_WARN_UNDECLARED_SELECTOR = YES;
				GCC_WARN_UNINITIALIZED_AUTOS = YES_AGGRESSIVE;
				GCC_WARN_UNUSED_FUNCTION = YES;
				GCC_WARN_UNUSED_VARIABLE = YES;
				IPHONEOS_DEPLOYMENT_TARGET = 12.1;
				MTL_ENABLE_DEBUG_INFO = NO;
				MTL_FAST_MATH = YES;
				SDKROOT = iphoneos;
				VALIDATE_PRODUCT = YES;
			};
			name = Release;
		};
		84B966F3222563AB002C3A08 /* Debug */ = {
			isa = XCBuildConfiguration;
			buildSettings = {
				ASSETCATALOG_COMPILER_APPICON_NAME = AppIcon;
				CODE_SIGN_IDENTITY = "iPhone Developer";
				CODE_SIGN_STYLE = Automatic;
				DEVELOPMENT_TEAM = 59EFNSJ7X2;
				HEADER_SEARCH_PATHS = "$(SDKROOT)/usr/include/libxml2";
				INFOPLIST_FILE = "$(SRCROOT)/nutcracker/Info.plist";
				LD_RUNPATH_SEARCH_PATHS = (
					"$(inherited)",
					"@executable_path/Frameworks",
				);
				PRODUCT_BUNDLE_IDENTIFIER = com.savelichalex.nutcracker;
				PRODUCT_NAME = "$(TARGET_NAME)";
				PROVISIONING_PROFILE_SPECIFIER = "";
				TARGETED_DEVICE_FAMILY = "1,2";
			};
			name = Debug;
		};
		84B966F4222563AB002C3A08 /* Release */ = {
			isa = XCBuildConfiguration;
			buildSettings = {
				ASSETCATALOG_COMPILER_APPICON_NAME = AppIcon;
				CLANG_ENABLE_MODULES = YES;
				CODE_SIGN_IDENTITY = "iPhone Developer";
				CODE_SIGN_STYLE = Automatic;
				DEVELOPMENT_TEAM = 59EFNSJ7X2;
				HEADER_SEARCH_PATHS = "$(SDKROOT)/usr/include/libxml2";
				INFOPLIST_FILE = "$(SRCROOT)/nutcracker/Info.plist";
				LD_RUNPATH_SEARCH_PATHS = (
					"$(inherited)",
					"@executable_path/Frameworks",
				);
				PRODUCT_BUNDLE_IDENTIFIER = com.savelichalex.nutcracker;
				PRODUCT_NAME = "$(TARGET_NAME)";
				PROVISIONING_PROFILE_SPECIFIER = "";
				TARGETED_DEVICE_FAMILY = "1,2";
			};
			name = Release;
		};
/* End XCBuildConfiguration section */

/* Begin XCConfigurationList section */
		84B966D4222563A9002C3A08 /* Build configuration list for PBXProject "nutcracker" */ = {
			isa = XCConfigurationList;
			buildConfigurations = (
				84B966F0222563AB002C3A08 /* Debug */,
				84B966F1222563AB002C3A08 /* Release */,
			);
			defaultConfigurationIsVisible = 0;
			defaultConfigurationName = Release;
		};
		84B966F2222563AB002C3A08 /* Build configuration list for PBXNativeTarget "nutcracker" */ = {
			isa = XCConfigurationList;
			buildConfigurations = (
				84B966F3222563AB002C3A08 /* Debug */,
				84B966F4222563AB002C3A08 /* Release */,
			);
			defaultConfigurationIsVisible = 0;
			defaultConfigurationName = Release;
		};
/* End XCConfigurationList section */

/* Begin XCVersionGroup section */
		A681D91F2323D9B0000D1010 /* nutcracker.xcdatamodeld */ = {
			isa = XCVersionGroup;
			children = (
				A681D9202323D9B0000D1010 /* nutcracker.xcdatamodel */,
			);
			currentVersion = A681D9202323D9B0000D1010 /* nutcracker.xcdatamodel */;
			path = nutcracker.xcdatamodeld;
			sourceTree = "<group>";
			versionGroupType = wrapper.xcdatamodel;
		};
/* End XCVersionGroup section */
	};
	rootObject = 84B966D1222563A9002C3A08 /* Project object */;
}
